{
    "_readme": [
        "This file locks the dependencies of your project to a known state",
        "Read more about it at https://getcomposer.org/doc/01-basic-usage.md#installing-dependencies",
        "This file is @generated automatically"
    ],
    "content-hash": "4cce1bb6af527cd8ec8f519483675018",
    "packages": [
        {
            "name": "abraham/twitteroauth",
            "version": "0.7.4",
            "source": {
                "type": "git",
                "url": "https://github.com/abraham/twitteroauth.git",
                "reference": "c6f9e692552dd037b2324ed0dfa28a4e60875acf"
            },
            "dist": {
                "type": "zip",
                "url": "https://api.github.com/repos/abraham/twitteroauth/zipball/c6f9e692552dd037b2324ed0dfa28a4e60875acf",
                "reference": "c6f9e692552dd037b2324ed0dfa28a4e60875acf",
                "shasum": ""
            },
            "require": {
                "ext-curl": "*",
                "php": "^5.6 || ^7.0"
            },
            "require-dev": {
                "phpmd/phpmd": "~2.6",
                "phpunit/phpunit": "~5.7",
                "squizlabs/php_codesniffer": "~3.0"
            },
            "type": "library",
            "autoload": {
                "psr-4": {
                    "Abraham\\TwitterOAuth\\": "src"
                }
            },
            "notification-url": "https://packagist.org/downloads/",
            "license": [
                "MIT"
            ],
            "authors": [
                {
                    "name": "Abraham Williams",
                    "email": "abraham@abrah.am",
                    "homepage": "https://abrah.am",
                    "role": "Developer"
                }
            ],
            "description": "The most popular PHP library for use with the Twitter OAuth REST API.",
            "homepage": "https://twitteroauth.com",
            "keywords": [
                "Twitter API",
                "Twitter oAuth",
                "api",
                "oauth",
                "rest",
                "social",
                "twitter"
            ],
            "time": "2017-06-30T22:02:01+00:00"
        },
        {
            "name": "almasaeed2010/adminlte",
            "version": "v2.4.3",
            "source": {
                "type": "git",
                "url": "https://github.com/almasaeed2010/AdminLTE.git",
                "reference": "b3acb63ac56b13eb45b36e628b384a9a2507b50e"
            },
            "dist": {
                "type": "zip",
                "url": "https://api.github.com/repos/almasaeed2010/AdminLTE/zipball/b3acb63ac56b13eb45b36e628b384a9a2507b50e",
                "reference": "b3acb63ac56b13eb45b36e628b384a9a2507b50e",
                "shasum": ""
            },
            "require": {
                "composer/installers": "1.*"
            },
            "type": "template",
            "notification-url": "https://packagist.org/downloads/",
            "license": [
                "MIT"
            ],
            "authors": [
                {
                    "name": "Abdullah Almsaeed",
                    "email": "abdullah@almsaeedstudio.com"
                }
            ],
            "description": "AdminLTE - admin control panel and dashboard that's based on Bootstrap 3",
            "homepage": "https://adminlte.io/",
            "keywords": [
                "JS",
                "admin",
                "back-end",
                "css",
                "less",
                "responsive",
                "template",
                "theme",
                "web"
            ],
            "time": "2018-02-04T12:54:57+00:00"
        },
        {
            "name": "composer/installers",
            "version": "v1.5.0",
            "source": {
                "type": "git",
                "url": "https://github.com/composer/installers.git",
                "reference": "049797d727261bf27f2690430d935067710049c2"
            },
            "dist": {
                "type": "zip",
                "url": "https://api.github.com/repos/composer/installers/zipball/049797d727261bf27f2690430d935067710049c2",
                "reference": "049797d727261bf27f2690430d935067710049c2",
                "shasum": ""
            },
            "require": {
                "composer-plugin-api": "^1.0"
            },
            "replace": {
                "roundcube/plugin-installer": "*",
                "shama/baton": "*"
            },
            "require-dev": {
                "composer/composer": "1.0.*@dev",
                "phpunit/phpunit": "^4.8.36"
            },
            "type": "composer-plugin",
            "extra": {
                "class": "Composer\\Installers\\Plugin",
                "branch-alias": {
                    "dev-master": "1.0-dev"
                }
            },
            "autoload": {
                "psr-4": {
                    "Composer\\Installers\\": "src/Composer/Installers"
                }
            },
            "notification-url": "https://packagist.org/downloads/",
            "license": [
                "MIT"
            ],
            "authors": [
                {
                    "name": "Kyle Robinson Young",
                    "email": "kyle@dontkry.com",
                    "homepage": "https://github.com/shama"
                }
            ],
            "description": "A multi-framework Composer library installer",
            "homepage": "https://composer.github.io/installers/",
            "keywords": [
                "Craft",
                "Dolibarr",
                "Eliasis",
                "Hurad",
                "ImageCMS",
                "Kanboard",
                "Lan Management System",
                "MODX Evo",
                "Mautic",
                "Maya",
                "OXID",
                "Plentymarkets",
                "Porto",
                "RadPHP",
                "SMF",
                "Thelia",
                "WolfCMS",
                "agl",
                "aimeos",
                "annotatecms",
                "attogram",
                "bitrix",
                "cakephp",
                "chef",
                "cockpit",
                "codeigniter",
                "concrete5",
                "croogo",
                "dokuwiki",
                "drupal",
                "eZ Platform",
                "elgg",
                "expressionengine",
                "fuelphp",
                "grav",
                "installer",
                "itop",
                "joomla",
                "kohana",
                "laravel",
                "lavalite",
                "lithium",
                "magento",
                "majima",
                "mako",
                "mediawiki",
                "modulework",
                "modx",
                "moodle",
                "osclass",
                "phpbb",
                "piwik",
                "ppi",
                "puppet",
                "pxcms",
                "reindex",
                "roundcube",
                "shopware",
                "silverstripe",
                "sydes",
                "symfony",
                "typo3",
                "wordpress",
                "yawik",
                "zend",
                "zikula"
            ],
            "time": "2017-12-29T09:13:20+00:00"
        },
        {
            "name": "nojimage/twitter-text-php",
            "version": "v2.0.3",
            "source": {
                "type": "git",
                "url": "https://github.com/nojimage/twitter-text-php.git",
                "reference": "b6103f250e32248c6ca9676417eef40ae0e1344d"
            },
            "dist": {
                "type": "zip",
                "url": "https://api.github.com/repos/nojimage/twitter-text-php/zipball/b6103f250e32248c6ca9676417eef40ae0e1344d",
                "reference": "b6103f250e32248c6ca9676417eef40ae0e1344d",
                "shasum": ""
            },
            "require": {
                "ext-intl": "*",
                "ext-mbstring": "*",
                "php": ">=5.3.3"
            },
            "require-dev": {
                "phpunit/phpunit": "4.8.*|5.7.*|6.5.*",
                "symfony/yaml": "~2.6.0",
                "twitter/twitter-text": "^2.0.0"
            },
            "type": "library",
            "autoload": {
                "psr-0": {
                    "Twitter\\Text\\": "lib/"
                }
            },
            "notification-url": "https://packagist.org/downloads/",
            "license": [
                "Apache-2.0"
            ],
            "authors": [
                {
                    "name": "Matt Sanford",
                    "email": "matt@mzsanford.com",
                    "homepage": "http://mzsanford.com"
                },
                {
                    "name": "Mike Cochrane",
                    "email": "mikec@mikenz.geek.nz",
                    "homepage": "http://mikenz.geek.nz"
                },
                {
                    "name": "Nick Pope",
                    "email": "git@nickpope.me.uk",
                    "homepage": "http://www.nickpope.me.uk"
                },
                {
                    "name": "Takashi Nojima",
                    "homepage": "http://php-tips.com"
                }
            ],
            "description": "A library of PHP classes that provide auto-linking and extraction of usernames, lists, hashtags and URLs from tweets.",
            "homepage": "https://github.com/nojimage/twitter-text-php",
            "keywords": [
                "autolink",
                "extract",
                "text",
                "twitter"
            ],
            "time": "2018-05-17T10:50:52+00:00"
        }
    ],
    "packages-dev": [],
    "aliases": [],
    "minimum-stability": "stable",
    "stability-flags": [],
    "prefer-stable": false,
    "prefer-lowest": false,
    "platform": [],
    "platform-dev": []
}
